github.com/btcsuite/golangcrypto v0.0.0-20150304025918-53f62d9b43e8 h1:nOsAWScwueMVk/VLm/dvQQD7DuanyvAUb6B3P3eT274=
github.com/btcsuite/golangcrypto v0.0.0-20150304025918-53f62d9b43e8/go.mod h1:tYvUd8KLhm/oXvUeSEs2VlLghFjQt9+ZaF9ghH0JNjc=
github.com/decred/dcrd/crypto/blake256 v1.1.0 h1:zPMNGQCm0g4QTY27fOCorQW7EryeQ/U0x++OzVrdms8=
github.com/decred/dcrd/crypto/blake256 v1.1.0/go.mod h1:2OfgNZ5wDpcsFmHmCK5gZTPcCXqlm2ArzUIkw9czNJo=
github.com/decred/dcrd/dcrec/secp256k1/v4 v4.3.0 h1:rpfIENRNNilwHwZeG5+P150SMrnNEcHYvcCuK6dPZSg=
github.com/decred/dcrd/dcrec/secp256k1/v4 v4.3.0/go.mod h1:v57UDF4pDQJcEfFUCRop3lJL149eHGSe9Jvczhzjo/0=
github.com/dogeorg/doge v0.0.12 h1:Uj28ZL8wZxf7EiWyHu2czHzi6vWCzCCOdv75HTjbH2k=
github.com/dogeorg/doge v0.0.12/go.mod h1:Q9/0XChJ8EA54OrhjkWm+ySEm0zZ5M7C38do/ZCnZuY=
github.com/dogeorg/gossip v0.0.16 h1:ezxrDH4+8Q8eA2hu9NSclErGxc4RTInjr4g982S433s=
github.com/dogeorg/gossip v0.0.16/go.mod h1:tu1/VgSCPBfXLUyFeywAOUQuwACk9xzRUbd4ychdz/o=
github.com/dogeorg/governor v1.0.2 h1:bDjB89rBmrtyerRF8Mh3fP2RYs/p4esdFKkApQgWab8=
github.com/dogeorg/governor v1.0.2/go.mod h1:sYCXRKKmwZvvzEFjjP2RRkUMbFMwVmXp3vEQf1vkzj4=
github.com/mattn/go-sqlite3 v1.14.22 h1:2gZY6PC6kBnID23Tichd1K+Z0oS6nE/XwU+Vz/5o4kU=
github.com/mattn/go-sqlite3 v1.14.22/go.mod h1:Uh1q+B4BYcTPb+yiD3kU8Ct7aC0hY9fxUwlHK0RXw+Y=
github.com/mr-tron/base58 v1.2.0 h1:T/HDJBh4ZCPbU39/+c3rRvE0uKBQlU27+QI8LJ4t64o=
github.com/mr-tron/base58 v1.2.0/go.mod h1:BinMc/sQntlIE1frQmRFPUoPA1Zkr8VRgBdjWI2mNwc=
github.com/rs/cors v1.11.1 h1:eU3gRzXLRK57F5rKMGMZURNdIG4EoAmX8k94r9wXWHA=
github.com/rs/cors v1.11.1/go.mod h1:XyqrcTp5zjWr1wsJ8PIRZssZ8b/WMcMf71DJnit4EMU=
